
Microsoft Visual Studio Solution File, Format Version 12.00
# Visual Studio Version 17
VisualStudioVersion = 17.5.002.0
MinimumVisualStudioVersion = 10.0.40219.1
Project("{2150E333-8FDC-42A3-9474-1A3956D46DE8}") = "Main", "Main", "{30DCA44A-DD45-4809-B396-C92C1CF69CD0}"
EndProject
Project("{2150E333-8FDC-42A3-9474-1A3956D46DE8}") = "lib", "lib", "{DEE4973E-6891-48CE-905B-F23966C2535B}"
EndProject
Project("{2150E333-8FDC-42A3-9474-1A3956D46DE8}") = "Extensions", "Extensions", "{8EFA0FC8-D4AD-45CE-947D-269418C81FED}"
EndProject
Project("{FAE04EC0-301F-11D3-BF4B-00C04F79EFBC}") = "Types", "lib\Extensions\Types\Types.csproj", "{7E1AFF89-3378-43FE-B073-12B6F588B659}"
EndProject
Project("{FAE04EC0-301F-11D3-BF4B-00C04F79EFBC}") = "project_builder", "Main\project_builder.csproj", "{BA20D97A-FAE7-4A12-8CC8-D0799FD87A98}"
EndProject
Global
	GlobalSection(SolutionConfigurationPlatforms) = preSolution
		Debug|Any CPU = Debug|Any CPU
		Release|Any CPU = Release|Any CPU
	EndGlobalSection
	GlobalSection(ProjectConfigurationPlatforms) = postSolution
		{7E1AFF89-3378-43FE-B073-12B6F588B659}.Debug|Any CPU.ActiveCfg = Debug|Any CPU
		{7E1AFF89-3378-43FE-B073-12B6F588B659}.Debug|Any CPU.Build.0 = Debug|Any CPU
		{7E1AFF89-3378-43FE-B073-12B6F588B659}.Release|Any CPU.ActiveCfg = Release|Any CPU
		{7E1AFF89-3378-43FE-B073-12B6F588B659}.Release|Any CPU.Build.0 = Release|Any CPU
		{BA20D97A-FAE7-4A12-8CC8-D0799FD87A98}.Debug|Any CPU.ActiveCfg = Debug|Any CPU
		{BA20D97A-FAE7-4A12-8CC8-D0799FD87A98}.Debug|Any CPU.Build.0 = Debug|Any CPU
		{BA20D97A-FAE7-4A12-8CC8-D0799FD87A98}.Release|Any CPU.ActiveCfg = Release|Any CPU
		{BA20D97A-FAE7-4A12-8CC8-D0799FD87A98}.Release|Any CPU.Build.0 = Release|Any CPU
	EndGlobalSection
	GlobalSection(SolutionProperties) = preSolution
		HideSolutionNode = FALSE
	EndGlobalSection
	GlobalSection(NestedProjects) = preSolution
		{8EFA0FC8-D4AD-45CE-947D-269418C81FED} = {DEE4973E-6891-48CE-905B-F23966C2535B}
		{7E1AFF89-3378-43FE-B073-12B6F588B659} = {8EFA0FC8-D4AD-45CE-947D-269418C81FED}
		{BA20D97A-FAE7-4A12-8CC8-D0799FD87A98} = {30DCA44A-DD45-4809-B396-C92C1CF69CD0}
	EndGlobalSection
	GlobalSection(ExtensibilityGlobals) = postSolution
		SolutionGuid = {E8976D37-8884-40E9-A41F-A80EA4FBBB0B}
	EndGlobalSection
EndGlobal
